
Microsoft Visual Studio Solution File, Format Version 12.00
# Visual Studio Version 17
VisualStudioVersion = 17.13.35825.156 d17.13
MinimumVisualStudioVersion = 10.0.40219.1
Project("{FAE04EC0-301F-11D3-BF4B-00C04F79EFBC}") = "Taskmaster", "Taskmaster\Taskmaster\Taskmaster.csproj", "{66439781-6975-40EE-97A1-CF8B38C56B24}"
EndProject
Project("{FAE04EC0-301F-11D3-BF4B-00C04F79EFBC}") = "Taskmaster.Client", "Taskmaster\Taskmaster.Client\Taskmaster.Client.csproj", "{3741404A-C683-40F9-9A10-09D1B2B6B3E5}"
EndProject
Global
	GlobalSection(SolutionConfigurationPlatforms) = preSolution
		Debug|Any CPU = Debug|Any CPU
		Release|Any CPU = Release|Any CPU
	EndGlobalSection
	GlobalSection(ProjectConfigurationPlatforms) = postSolution
		{66439781-6975-40EE-97A1-CF8B38C56B24}.Debug|Any CPU.ActiveCfg = Debug|Any CPU
		{66439781-6975-40EE-97A1-CF8B38C56B24}.Debug|Any CPU.Build.0 = Debug|Any CPU
		{66439781-6975-40EE-97A1-CF8B38C56B24}.Release|Any CPU.ActiveCfg = Release|Any CPU
		{66439781-6975-40EE-97A1-CF8B38C56B24}.Release|Any CPU.Build.0 = Release|Any CPU
		{3741404A-C683-40F9-9A10-09D1B2B6B3E5}.Debug|Any CPU.ActiveCfg = Debug|Any CPU
		{3741404A-C683-40F9-9A10-09D1B2B6B3E5}.Debug|Any CPU.Build.0 = Debug|Any CPU
		{3741404A-C683-40F9-9A10-09D1B2B6B3E5}.Release|Any CPU.ActiveCfg = Release|Any CPU
		{3741404A-C683-40F9-9A10-09D1B2B6B3E5}.Release|Any CPU.Build.0 = Release|Any CPU
	EndGlobalSection
	GlobalSection(SolutionProperties) = preSolution
		HideSolutionNode = FALSE
	EndGlobalSection
	GlobalSection(ExtensibilityGlobals) = postSolution
		SolutionGuid = {CDC1F8C6-73D0-4009-BCA3-A90D166E5F4E}
	EndGlobalSection
EndGlobal
